github.com/davecgh/go-spew v1.1.1/go.mod h1:J7Y8YcW2NihsgmVo/mv3lAwl/skON4iLHjSsI+c5H38=
github.com/dghubble/sling v1.2.0 h1:PYGS9ofwbV9nfhB1kYjB1vtXshMxlp2oQxTMMXVJ5pE=
github.com/dghubble/sling v1.2.0/go.mod h1:ZcPRuLm0qrcULW2gOrjXrAWgf76sahqSyxXyVOvkunE=
github.com/google/go-querystring v1.0.0/go.mod h1:odCYkC5MyYFN7vkCjXpyrEuKhc/BUO6wN/zVPAxq5ck=
github.com/motemen/go-loghttp v0.0.0-20170804080138-974ac5ceac27 h1:uAI3rnOT1OSSY4PUtI/M1orb3q0ewkovwd3wr8xSno4=
github.com/motemen/go-loghttp v0.0.0-20170804080138-974ac5ceac27/go.mod h1:6eu9CfGt5kfrMVgeu9MfB9PRUnpc47I+udLswiTszI8=
github.com/motemen/go-nuts v0.0.0-20180315145558-42c35bdb11c2 h1:gfo7RLzXaBdNShd7F5N3K1oM779cD777np9ljUgvf9s=
github.com/motemen/go-nuts v0.0.0-20180315145558-42c35bdb11c2/go.mod h1:vfh/NPxHgDwggXit20W1llPsXcz39xJ7I8vo7kVrOCk=
github.com/pmezard/go-difflib v1.0.0/go.mod h1:iKH77koFhYxTK1pcRnkKkqfTogsbg7gZNVY4sRDYZ/4=
github.com/stretchr/testify v1.2.2/go.mod h1:a8OnRcib4nhh0OaRAV+Yts87kKdq0PP7pXfy6kDkUVs=
